{
  "name": "videocall-client-socket",
  "version": "0.1.0",
  "lockfileVersion": 3,
  "requires": true,
  "packages": {
    "": {
      "name": "videocall-client-socket",
      "version": "0.1.0",
      "license": "ISC",
      "dependencies": {
        "videocall-client": "file:",
        "videocall-client-socket": "file:"
      }
    },
    "node_modules/videocall-client": {
      "resolved": "",
      "link": true
    },
    "node_modules/videocall-client-socket": {
      "resolved": "",
      "link": true
    }
  }
}
